
Microsoft Visual Studio Solution File, Format Version 12.00
# Visual Studio Version 17
VisualStudioVersion = 17.14.36429.23
MinimumVisualStudioVersion = 10.0.40219.1
Project("{FAE04EC0-301F-11D3-BF4B-00C04F79EFBC}") = "Line_98", "Line_98\Line_98.csproj", "{07543170-80A8-41F2-BD3E-F692A12E37E6}"
EndProject
Project("{FAE04EC0-301F-11D3-BF4B-00C04F79EFBC}") = "Utilities", "GiaoDien\Utilities.csproj", "{1B218315-04D8-4DC1-9E85-C37A15DC1F40}"
EndProject
Project("{54435603-DBB4-11D2-8724-00A0C9A8B90C}") = "Line98", "Line98\Line98.vdproj", "{6B1FFAFA-20C8-2F06-D051-59DB32801EFB}"
EndProject
Global
	GlobalSection(SolutionConfigurationPlatforms) = preSolution
		Debug|Any CPU = Debug|Any CPU
		Release|Any CPU = Release|Any CPU
	EndGlobalSection
	GlobalSection(ProjectConfigurationPlatforms) = postSolution
		{07543170-80A8-41F2-BD3E-F692A12E37E6}.Debug|Any CPU.ActiveCfg = Debug|Any CPU
		{07543170-80A8-41F2-BD3E-F692A12E37E6}.Debug|Any CPU.Build.0 = Debug|Any CPU
		{07543170-80A8-41F2-BD3E-F692A12E37E6}.Release|Any CPU.ActiveCfg = Release|Any CPU
		{07543170-80A8-41F2-BD3E-F692A12E37E6}.Release|Any CPU.Build.0 = Release|Any CPU
		{1B218315-04D8-4DC1-9E85-C37A15DC1F40}.Debug|Any CPU.ActiveCfg = Debug|Any CPU
		{1B218315-04D8-4DC1-9E85-C37A15DC1F40}.Debug|Any CPU.Build.0 = Debug|Any CPU
		{1B218315-04D8-4DC1-9E85-C37A15DC1F40}.Release|Any CPU.ActiveCfg = Release|Any CPU
		{1B218315-04D8-4DC1-9E85-C37A15DC1F40}.Release|Any CPU.Build.0 = Release|Any CPU
		{6B1FFAFA-20C8-2F06-D051-59DB32801EFB}.Debug|Any CPU.ActiveCfg = Debug
		{6B1FFAFA-20C8-2F06-D051-59DB32801EFB}.Release|Any CPU.ActiveCfg = Release
	EndGlobalSection
	GlobalSection(SolutionProperties) = preSolution
		HideSolutionNode = FALSE
	EndGlobalSection
	GlobalSection(ExtensibilityGlobals) = postSolution
		SolutionGuid = {534D2944-FFC8-4B48-8B7B-6644DB1542BF}
	EndGlobalSection
EndGlobal
